// !$*UTF8*$!
{
	archiveVersion = 1;
	classes = {
	};
	objectVersion = 50;
	objects = {

/* Begin PBXBuildFile section */
		EBE8B60F20F72DCD00987554 /* AppDelegate.swift in Sources */ = {isa = PBXBuildFile; fileRef = EBE8B60E20F72DCD00987554 /* AppDelegate.swift */; };
		EBE8B61120F72DCD00987554 /* ViewController.swift in Sources */ = {isa = PBXBuildFile; fileRef = EBE8B61020F72DCD00987554 /* ViewController.swift */; };
		EBE8B61420F72DCD00987554 /* Main.storyboard in Resources */ = {isa = PBXBuildFile; fileRef = EBE8B61220F72DCD00987554 /* Main.storyboard */; };
		EBE8B61620F72DCE00987554 /* Assets.xcassets in Resources */ = {isa = PBXBuildFile; fileRef = EBE8B61520F72DCE00987554 /* Assets.xcassets */; };
		EBE8B61920F72DCE00987554 /* LaunchScreen.storyboard in Resources */ = {isa = PBXBuildFile; fileRef = EBE8B61720F72DCE00987554 /* LaunchScreen.storyboard */; };
		EBE8B62720F72F2C00987554 /* RxCocoa.framework in Frameworks */ = {isa = PBXBuildFile; fileRef = EBE8B62120F72F2B00987554 /* RxCocoa.framework */; };
		EBE8B62820F72F2C00987554 /* Result.framework in Frameworks */ = {isa = PBXBuildFile; fileRef = EBE8B62220F72F2B00987554 /* Result.framework */; };
		EBE8B62920F72F2C00987554 /* RxSwift.framework in Frameworks */ = {isa = PBXBuildFile; fileRef = EBE8B62320F72F2B00987554 /* RxSwift.framework */; };
		EBE8B62B20F72F2C00987554 /* APIKit.framework in Frameworks */ = {isa = PBXBuildFile; fileRef = EBE8B62520F72F2B00987554 /* APIKit.framework */; };
		EBE8B63120F7316000987554 /* GetRequest.swift in Sources */ = {isa = PBXBuildFile; fileRef = EBE8B63020F7316000987554 /* GetRequest.swift */; };
		EBE8B63320F7324200987554 /* Model.swift in Sources */ = {isa = PBXBuildFile; fileRef = EBE8B63220F7324200987554 /* Model.swift */; };
		EBE8B63520F732DD00987554 /* SessionRx.swift in Sources */ = {isa = PBXBuildFile; fileRef = EBE8B63420F732DD00987554 /* SessionRx.swift */; };
/* End PBXBuildFile section */

/* Begin PBXFileReference section */
		EBE8B60B20F72DCD00987554 /* mvc.app */ = {isa = PBXFileReference; explicitFileType = wrapper.application; includeInIndex = 0; path = mvc.app; sourceTree = BUILT_PRODUCTS_DIR; };
		EBE8B60E20F72DCD00987554 /* AppDelegate.swift */ = {isa = PBXFileReference; lastKnownFileType = sourcecode.swift; path = AppDelegate.swift; sourceTree = "<group>"; };
		EBE8B61020F72DCD00987554 /* ViewController.swift */ = {isa = PBXFileReference; lastKnownFileType = sourcecode.swift; path = ViewController.swift; sourceTree = "<group>"; };
		EBE8B61320F72DCD00987554 /* Base */ = {isa = PBXFileReference; lastKnownFileType = file.storyboard; name = Base; path = Base.lproj/Main.storyboard; sourceTree = "<group>"; };
		EBE8B61520F72DCE00987554 /* Assets.xcassets */ = {isa = PBXFileReference; lastKnownFileType = folder.assetcatalog; path = Assets.xcassets; sourceTree = "<group>"; };
		EBE8B61820F72DCE00987554 /* Base */ = {isa = PBXFileReference; lastKnownFileType = file.storyboard; name = Base; path = Base.lproj/LaunchScreen.storyboard; sourceTree = "<group>"; };
		EBE8B61A20F72DCE00987554 /* Info.plist */ = {isa = PBXFileReference; lastKnownFileType = text.plist.xml; path = Info.plist; sourceTree = "<group>"; };
		EBE8B62120F72F2B00987554 /* RxCocoa.framework */ = {isa = PBXFileReference; lastKnownFileType = wrapper.framework; name = RxCocoa.framework; path = Carthage/Build/iOS/RxCocoa.framework; sourceTree = "<group>"; };
		EBE8B62220F72F2B00987554 /* Result.framework */ = {isa = PBXFileReference; lastKnownFileType = wrapper.framework; name = Result.framework; path = Carthage/Build/iOS/Result.framework; sourceTree = "<group>"; };
		EBE8B62320F72F2B00987554 /* RxSwift.framework */ = {isa = PBXFileReference; lastKnownFileType = wrapper.framework; name = RxSwift.framework; path = Carthage/Build/iOS/RxSwift.framework; sourceTree = "<group>"; };
		EBE8B62420F72F2B00987554 /* RxTest.framework */ = {isa = PBXFileReference; lastKnownFileType = wrapper.framework; name = RxTest.framework; path = Carthage/Build/iOS/RxTest.framework; sourceTree = "<group>"; };
		EBE8B62520F72F2B00987554 /* APIKit.framework */ = {isa = PBXFileReference; lastKnownFileType = wrapper.framework; name = APIKit.framework; path = Carthage/Build/iOS/APIKit.framework; sourceTree = "<group>"; };
		EBE8B62620F72F2B00987554 /* RxBlocking.framework */ = {isa = PBXFileReference; lastKnownFileType = wrapper.framework; name = RxBlocking.framework; path = Carthage/Build/iOS/RxBlocking.framework; sourceTree = "<group>"; };
		EBE8B63020F7316000987554 /* GetRequest.swift */ = {isa = PBXFileReference; lastKnownFileType = sourcecode.swift; path = GetRequest.swift; sourceTree = "<group>"; };
		EBE8B63220F7324200987554 /* Model.swift */ = {isa = PBXFileReference; lastKnownFileType = sourcecode.swift; path = Model.swift; sourceTree = "<group>"; };
		EBE8B63420F732DD00987554 /* SessionRx.swift */ = {isa = PBXFileReference; lastKnownFileType = sourcecode.swift; path = SessionRx.swift; sourceTree = "<group>"; };
/* End PBXFileReference section */

/* Begin PBXFrameworksBuildPhase section */
		EBE8B60820F72DCD00987554 /* Frameworks */ = {
			isa = PBXFrameworksBuildPhase;
			buildActionMask = 2147483647;
			files = (
				EBE8B62720F72F2C00987554 /* RxCocoa.framework in Frameworks */,
				EBE8B62820F72F2C00987554 /* Result.framework in Frameworks */,
				EBE8B62920F72F2C00987554 /* RxSwift.framework in Frameworks */,
				EBE8B62B20F72F2C00987554 /* APIKit.framework in Frameworks */,
			);
			runOnlyForDeploymentPostprocessing = 0;
		};
/* End PBXFrameworksBuildPhase section */

/* Begin PBXGroup section */
		EBE8B60220F72DCD00987554 = {
			isa = PBXGroup;
			children = (
				EBE8B60D20F72DCD00987554 /* mvc */,
				EBE8B60C20F72DCD00987554 /* Products */,
				EBE8B62020F72F2B00987554 /* Frameworks */,
			);
			sourceTree = "<group>";
		};
		EBE8B60C20F72DCD00987554 /* Products */ = {
			isa = PBXGroup;
			children = (
				EBE8B60B20F72DCD00987554 /* mvc.app */,
			);
			name = Products;
			sourceTree = "<group>";
		};
		EBE8B60D20F72DCD00987554 /* mvc */ = {
			isa = PBXGroup;
			children = (
				EBE8B62F20F7312B00987554 /* API */,
				EBE8B60E20F72DCD00987554 /* AppDelegate.swift */,
				EBE8B63220F7324200987554 /* Model.swift */,
				EBE8B61020F72DCD00987554 /* ViewController.swift */,
				EBE8B61220F72DCD00987554 /* Main.storyboard */,
				EBE8B61520F72DCE00987554 /* Assets.xcassets */,
				EBE8B61720F72DCE00987554 /* LaunchScreen.storyboard */,
				EBE8B61A20F72DCE00987554 /* Info.plist */,
			);
			path = mvc;
			sourceTree = "<group>";
		};
		EBE8B62020F72F2B00987554 /* Frameworks */ = {
			isa = PBXGroup;
			children = (
				EBE8B62520F72F2B00987554 /* APIKit.framework */,
				EBE8B62220F72F2B00987554 /* Result.framework */,
				EBE8B62620F72F2B00987554 /* RxBlocking.framework */,
				EBE8B62120F72F2B00987554 /* RxCocoa.framework */,
				EBE8B62320F72F2B00987554 /* RxSwift.framework */,
				EBE8B62420F72F2B00987554 /* RxTest.framework */,
			);
			name = Frameworks;
			sourceTree = "<group>";
		};
		EBE8B62F20F7312B00987554 /* API */ = {
			isa = PBXGroup;
			children = (
				EBE8B63020F7316000987554 /* GetRequest.swift */,
				EBE8B63420F732DD00987554 /* SessionRx.swift */,
			);
			path = API;
			sourceTree = "<group>";
		};
/* End PBXGroup section */

/* Begin PBXNativeTarget section */
		EBE8B60A20F72DCD00987554 /* mvc */ = {
			isa = PBXNativeTarget;
			buildConfigurationList = EBE8B61D20F72DCE00987554 /* Build configuration list for PBXNativeTarget "mvc" */;
			buildPhases = (
				EBE8B60720F72DCD00987554 /* Sources */,
				EBE8B60820F72DCD00987554 /* Frameworks */,
				EBE8B60920F72DCD00987554 /* Resources */,
				EBE8B62E20F72F8600987554 /* ShellScript */,
			);
			buildRules = (
			);
			dependencies = (
			);
			name = mvc;
			productName = mvc;
			productReference = EBE8B60B20F72DCD00987554 /* mvc.app */;
			productType = "com.apple.product-type.application";
		};
/* End PBXNativeTarget section */

/* Begin PBXProject section */
		EBE8B60320F72DCD00987554 /* Project object */ = {
			isa = PBXProject;
			attributes = {
				LastSwiftUpdateCheck = 0940;
				LastUpgradeCheck = 0940;
				ORGANIZATIONNAME = chocovayashi;
				TargetAttributes = {
					EBE8B60A20F72DCD00987554 = {
						CreatedOnToolsVersion = 9.4;
					};
				};
			};
			buildConfigurationList = EBE8B60620F72DCD00987554 /* Build configuration list for PBXProject "mvc" */;
			compatibilityVersion = "Xcode 9.3";
			developmentRegion = en;
			hasScannedForEncodings = 0;
			knownRegions = (
				en,
				Base,
			);
			mainGroup = EBE8B60220F72DCD00987554;
			productRefGroup = EBE8B60C20F72DCD00987554 /* Products */;
			projectDirPath = "";
			projectRoot = "";
			targets = (
				EBE8B60A20F72DCD00987554 /* mvc */,
			);
		};
/* End PBXProject section */

/* Begin PBXResourcesBuildPhase section */
		EBE8B60920F72DCD00987554 /* Resources */ = {
			isa = PBXResourcesBuildPhase;
			buildActionMask = 2147483647;
			files = (
				EBE8B61920F72DCE00987554 /* LaunchScreen.storyboard in Resources */,
				EBE8B61620F72DCE00987554 /* Assets.xcassets in Resources */,
				EBE8B61420F72DCD00987554 /* Main.storyboard in Resources */,
			);
			runOnlyForDeploymentPostprocessing = 0;
		};
/* End PBXResourcesBuildPhase section */

/* Begin PBXShellScriptBuildPhase section */
		EBE8B62E20F72F8600987554 /* ShellScript */ = {
			isa = PBXShellScriptBuildPhase;
			buildActionMask = 2147483647;
			files = (
			);
			inputPaths = (
				"$(SRCROOT)/Carthage/Build/iOS/APIKit.framework",
				"$(SRCROOT)/Carthage/Build/iOS/RxSwift.framework",
				"$(SRCROOT)/Carthage/Build/iOS/RxCocoa.framework",
				"$(SRCROOT)/Carthage/Build/iOS/Result.framework",
			);
			outputPaths = (
			);
			runOnlyForDeploymentPostprocessing = 0;
			shellPath = /bin/sh;
			shellScript = "/usr/local/bin/carthage copy-frameworks";
		};
/* End PBXShellScriptBuildPhase section */

/* Begin PBXSourcesBuildPhase section */
		EBE8B60720F72DCD00987554 /* Sources */ = {
			isa = PBXSourcesBuildPhase;
			buildActionMask = 2147483647;
			files = (
				EBE8B61120F72DCD00987554 /* ViewController.swift in Sources */,
				EBE8B60F20F72DCD00987554 /* AppDelegate.swift in Sources */,
				EBE8B63520F732DD00987554 /* SessionRx.swift in Sources */,
				EBE8B63120F7316000987554 /* GetRequest.swift in Sources */,
				EBE8B63320F7324200987554 /* Model.swift in Sources */,
			);
			runOnlyForDeploymentPostprocessing = 0;
		};
/* End PBXSourcesBuildPhase section */

/* Begin PBXVariantGroup section */
		EBE8B61220F72DCD00987554 /* Main.storyboard */ = {
			isa = PBXVariantGroup;
			children = (
				EBE8B61320F72DCD00987554 /* Base */,
			);
			name = Main.storyboard;
			sourceTree = "<group>";
		};
		EBE8B61720F72DCE00987554 /* LaunchScreen.storyboard */ = {
			isa = PBXVariantGroup;
			children = (
				EBE8B61820F72DCE00987554 /* Base */,
			);
			name = LaunchScreen.storyboard;
			sourceTree = "<group>";
		};
/* End PBXVariantGroup section */

/* Begin XCBuildConfiguration section */
		EBE8B61B20F72DCE00987554 /* Debug */ = {
			isa = XCBuildConfiguration;
			buildSettings = {
				ALWAYS_SEARCH_USER_PATHS = NO;
				CLANG_ANALYZER_NONNULL = YES;
				CLANG_ANALYZER_NUMBER_OBJECT_CONVERSION = YES_AGGRESSIVE;
				CLANG_CXX_LANGUAGE_STANDARD = "gnu++14";
				CLANG_CXX_LIBRARY = "libc++";
				CLANG_ENABLE_MODULES = YES;
				CLANG_ENABLE_OBJC_ARC = YES;
				CLANG_ENABLE_OBJC_WEAK = YES;
				CLANG_WARN_BLOCK_CAPTURE_AUTORELEASING = YES;
				CLANG_WARN_BOOL_CONVERSION = YES;
				CLANG_WARN_COMMA = YES;
				CLANG_WARN_CONSTANT_CONVERSION = YES;
				CLANG_WARN_DEPRECATED_OBJC_IMPLEMENTATIONS = YES;
				CLANG_WARN_DIRECT_OBJC_ISA_USAGE = YES_ERROR;
				CLANG_WARN_DOCUMENTATION_COMMENTS = YES;
				CLANG_WARN_EMPTY_BODY = YES;
				CLANG_WARN_ENUM_CONVERSION = YES;
				CLANG_WARN_INFINITE_RECURSION = YES;
				CLANG_WARN_INT_CONVERSION = YES;
				CLANG_WARN_NON_LITERAL_NULL_CONVERSION = YES;
				CLANG_WARN_OBJC_IMPLICIT_RETAIN_SELF = YES;
				CLANG_WARN_OBJC_LITERAL_CONVERSION = YES;
				CLANG_WARN_OBJC_ROOT_CLASS = YES_ERROR;
				CLANG_WARN_RANGE_LOOP_ANALYSIS = YES;
				CLANG_WARN_STRICT_PROTOTYPES = YES;
				CLANG_WARN_SUSPICIOUS_MOVE = YES;
				CLANG_WARN_UNGUARDED_AVAILABILITY = YES_AGGRESSIVE;
				CLANG_WARN_UNREACHABLE_CODE = YES;
				CLANG_WARN__DUPLICATE_METHOD_MATCH = YES;
				CODE_SIGN_IDENTITY = "iPhone Developer";
				COPY_PHASE_STRIP = NO;
				DEBUG_INFORMATION_FORMAT = dwarf;
				ENABLE_STRICT_OBJC_MSGSEND = YES;
				ENABLE_TESTABILITY = YES;
				GCC_C_LANGUAGE_STANDARD = gnu11;
				GCC_DYNAMIC_NO_PIC = NO;
				GCC_NO_COMMON_BLOCKS = YES;
				GCC_OPTIMIZATION_LEVEL = 0;
				GCC_PREPROCESSOR_DEFINITIONS = (
					"DEBUG=1",
					"$(inherited)",
				);
				GCC_WARN_64_TO_32_BIT_CONVERSION = YES;
				GCC_WARN_ABOUT_RETURN_TYPE = YES_ERROR;
				GCC_WARN_UNDECLARED_SELECTOR = YES;
				GCC_WARN_UNINITIALIZED_AUTOS = YES_AGGRESSIVE;
				GCC_WARN_UNUSED_FUNCTION = YES;
				GCC_WARN_UNUSED_VARIABLE = YES;
				IPHONEOS_DEPLOYMENT_TARGET = 11.4;
				MTL_ENABLE_DEBUG_INFO = YES;
				ONLY_ACTIVE_ARCH = YES;
				SDKROOT = iphoneos;
				SWIFT_ACTIVE_COMPILATION_CONDITIONS = DEBUG;
				SWIFT_OPTIMIZATION_LEVEL = "-Onone";
			};
			name = Debug;
		};
		EBE8B61C20F72DCE00987554 /* Release */ = {
			isa = XCBuildConfiguration;
			buildSettings = {
				ALWAYS_SEARCH_USER_PATHS = NO;
				CLANG_ANALYZER_NONNULL = YES;
				CLANG_ANALYZER_NUMBER_OBJECT_CONVERSION = YES_AGGRESSIVE;
				CLANG_CXX_LANGUAGE_STANDARD = "gnu++14";
				CLANG_CXX_LIBRARY = "libc++";
				CLANG_ENABLE_MODULES = YES;
				CLANG_ENABLE_OBJC_ARC = YES;
				CLANG_ENABLE_OBJC_WEAK = YES;
				CLANG_WARN_BLOCK_CAPTURE_AUTORELEASING = YES;
				CLANG_WARN_BOOL_CONVERSION = YES;
				CLANG_WARN_COMMA = YES;
				CLANG_WARN_CONSTANT_CONVERSION = YES;
				CLANG_WARN_DEPRECATED_OBJC_IMPLEMENTATIONS = YES;
				CLANG_WARN_DIRECT_OBJC_ISA_USAGE = YES_ERROR;
				CLANG_WARN_DOCUMENTATION_COMMENTS = YES;
				CLANG_WARN_EMPTY_BODY = YES;
				CLANG_WARN_ENUM_CONVERSION = YES;
				CLANG_WARN_INFINITE_RECURSION = YES;
				CLANG_WARN_INT_CONVERSION = YES;
				CLANG_WARN_NON_LITERAL_NULL_CONVERSION = YES;
				CLANG_WARN_OBJC_IMPLICIT_RETAIN_SELF = YES;
				CLANG_WARN_OBJC_LITERAL_CONVERSION = YES;
				CLANG_WARN_OBJC_ROOT_CLASS = YES_ERROR;
				CLANG_WARN_RANGE_LOOP_ANALYSIS = YES;
				CLANG_WARN_STRICT_PROTOTYPES = YES;
				CLANG_WARN_SUSPICIOUS_MOVE = YES;
				CLANG_WARN_UNGUARDED_AVAILABILITY = YES_AGGRESSIVE;
				CLANG_WARN_UNREACHABLE_CODE = YES;
				CLANG_WARN__DUPLICATE_METHOD_MATCH = YES;
				CODE_SIGN_IDENTITY = "iPhone Developer";
				COPY_PHASE_STRIP = NO;
				DEBUG_INFORMATION_FORMAT = "dwarf-with-dsym";
				ENABLE_NS_ASSERTIONS = NO;
				ENABLE_STRICT_OBJC_MSGSEND = YES;
				GCC_C_LANGUAGE_STANDARD = gnu11;
				GCC_NO_COMMON_BLOCKS = YES;
				GCC_WARN_64_TO_32_BIT_CONVERSION = YES;
				GCC_WARN_ABOUT_RETURN_TYPE = YES_ERROR;
				GCC_WARN_UNDECLARED_SELECTOR = YES;
				GCC_WARN_UNINITIALIZED_AUTOS = YES_AGGRESSIVE;
				GCC_WARN_UNUSED_FUNCTION = YES;
				GCC_WARN_UNUSED_VARIABLE = YES;
				IPHONEOS_DEPLOYMENT_TARGET = 11.4;
				MTL_ENABLE_DEBUG_INFO = NO;
				SDKROOT = iphoneos;
				SWIFT_COMPILATION_MODE = wholemodule;
				SWIFT_OPTIMIZATION_LEVEL = "-O";
				VALIDATE_PRODUCT = YES;
			};
			name = Release;
		};
		EBE8B61E20F72DCE00987554 /* Debug */ = {
			isa = XCBuildConfiguration;
			buildSettings = {
				ASSETCATALOG_COMPILER_APPICON_NAME = AppIcon;
				CODE_SIGN_STYLE = Automatic;
				FRAMEWORK_SEARCH_PATHS = (
					"$(inherited)",
					"$(PROJECT_DIR)/Carthage/Build/iOS",
				);
				INFOPLIST_FILE = mvc/Info.plist;
				LD_RUNPATH_SEARCH_PATHS = (
					"$(inherited)",
					"@executable_path/Frameworks",
				);
				PRODUCT_BUNDLE_IDENTIFIER = xyz.chocovayashi.mvc;
				PRODUCT_NAME = "$(TARGET_NAME)";
				SWIFT_VERSION = 4.0;
				TARGETED_DEVICE_FAMILY = "1,2";
			};
			name = Debug;
		};
		EBE8B61F20F72DCE00987554 /* Release */ = {
			isa = XCBuildConfiguration;
			buildSettings = {
				ASSETCATALOG_COMPILER_APPICON_NAME = AppIcon;
				CODE_SIGN_STYLE = Automatic;
				FRAMEWORK_SEARCH_PATHS = (
					"$(inherited)",
					"$(PROJECT_DIR)/Carthage/Build/iOS",
				);
				INFOPLIST_FILE = mvc/Info.plist;
				LD_RUNPATH_SEARCH_PATHS = (
					"$(inherited)",
					"@executable_path/Frameworks",
				);
				PRODUCT_BUNDLE_IDENTIFIER = xyz.chocovayashi.mvc;
				PRODUCT_NAME = "$(TARGET_NAME)";
				SWIFT_VERSION = 4.0;
				TARGETED_DEVICE_FAMILY = "1,2";
			};
			name = Release;
		};
/* End XCBuildConfiguration section */

/* Begin XCConfigurationList section */
		EBE8B60620F72DCD00987554 /* Build configuration list for PBXProject "mvc" */ = {
			isa = XCConfigurationList;
			buildConfigurations = (
				EBE8B61B20F72DCE00987554 /* Debug */,
				EBE8B61C20F72DCE00987554 /* Release */,
			);
			defaultConfigurationIsVisible = 0;
			defaultConfigurationName = Release;
		};
		EBE8B61D20F72DCE00987554 /* Build configuration list for PBXNativeTarget "mvc" */ = {
			isa = XCConfigurationList;
			buildConfigurations = (
				EBE8B61E20F72DCE00987554 /* Debug */,
				EBE8B61F20F72DCE00987554 /* Release */,
			);
			defaultConfigurationIsVisible = 0;
			defaultConfigurationName = Release;
		};
/* End XCConfigurationList section */
	};
	rootObject = EBE8B60320F72DCD00987554 /* Project object */;
}
